
Microsoft Visual Studio Solution File, Format Version 12.00
# Visual Studio Version 17
VisualStudioVersion = 17.7.34221.43
MinimumVisualStudioVersion = 10.0.40219.1
Project("{9A19103F-16F7-4668-BE54-9A1E7A4F7556}") = "AdminDesk", "AdminDesk\AdminDesk.csproj", "{D3FC7B05-5839-4E9B-BD1C-9920BFE66BD3}"
EndProject
Project("{2150E333-8FDC-42A3-9474-1A3956D46DE8}") = "Solutions", "Solutions", "{6D833AB4-1F75-4234-BDE2-616720682217}"
	ProjectSection(SolutionItems) = preProject
		build.cmd = build.cmd
		build.sh = build.sh
		createdb.sql = createdb.sql
		Dockerfile = Dockerfile
		startDb.cmd = startDb.cmd
		startDb.sh = startDb.sh
	EndProjectSection
EndProject
Project("{FAE04EC0-301F-11D3-BF4B-00C04F79EFBC}") = "AdminDeskTest", "AdminDeskTest\AdminDeskTest.csproj", "{6AD395D7-5368-4DD1-B5FB-1556F7A709B7}"
EndProject
Global
	GlobalSection(SolutionConfigurationPlatforms) = preSolution
		Debug|Any CPU = Debug|Any CPU
		Release|Any CPU = Release|Any CPU
	EndGlobalSection
	GlobalSection(ProjectConfigurationPlatforms) = postSolution
		{D3FC7B05-5839-4E9B-BD1C-9920BFE66BD3}.Debug|Any CPU.ActiveCfg = Debug|Any CPU
		{D3FC7B05-5839-4E9B-BD1C-9920BFE66BD3}.Debug|Any CPU.Build.0 = Debug|Any CPU
		{D3FC7B05-5839-4E9B-BD1C-9920BFE66BD3}.Release|Any CPU.ActiveCfg = Release|Any CPU
		{D3FC7B05-5839-4E9B-BD1C-9920BFE66BD3}.Release|Any CPU.Build.0 = Release|Any CPU
		{6AD395D7-5368-4DD1-B5FB-1556F7A709B7}.Debug|Any CPU.ActiveCfg = Debug|Any CPU
		{6AD395D7-5368-4DD1-B5FB-1556F7A709B7}.Debug|Any CPU.Build.0 = Debug|Any CPU
		{6AD395D7-5368-4DD1-B5FB-1556F7A709B7}.Release|Any CPU.ActiveCfg = Release|Any CPU
		{6AD395D7-5368-4DD1-B5FB-1556F7A709B7}.Release|Any CPU.Build.0 = Release|Any CPU
	EndGlobalSection
	GlobalSection(SolutionProperties) = preSolution
		HideSolutionNode = FALSE
	EndGlobalSection
	GlobalSection(ExtensibilityGlobals) = postSolution
		SolutionGuid = {B60E3342-9630-426E-86ED-3A6828077DCB}
	EndGlobalSection
	GlobalSection(MonoDevelopProperties) = preSolution
		Policies = $0
		$0.TextStylePolicy = $1
		$1.FileWidth = 80
		$1.TabsToSpaces = True
		$1.NoTabsAfterNonTabs = True
		$1.scope = text/x-web
		$1.inheritsSet = null
	EndGlobalSection
EndGlobal
